{
  "version": 4,
  "terraform_version": "1.1.7",
  "serial": 2,
  "lineage": "0fabe2ed-3cce-50e3-7bef-d006c7a16e76",
  "outputs": {},
  "resources": [
    {
      "mode": "managed",
      "type": "digitalocean_droplet",
      "name": "web",
      "provider": "provider[\"registry.terraform.io/digitalocean/digitalocean\"]",
      "instances": [
        {
          "schema_version": 1,
          "attributes": {
            "backups": false,
            "created_at": "2022-04-05T08:16:47Z",
            "disk": 25,
            "droplet_agent": null,
            "graceful_shutdown": false,
            "id": "293939300",
            "image": "ubuntu-20-04-x64",
            "ipv4_address": "46.101.178.167",
            "ipv4_address_private": "10.114.0.2",
            "ipv6": false,
            "ipv6_address": "",
            "locked": false,
            "memory": 1024,
            "monitoring": false,
            "name": "darwin",
            "price_hourly": 0.00744,
            "price_monthly": 5,
            "private_networking": true,
            "region": "fra1",
            "resize_disk": true,
            "size": "s-1vcpu-1gb",
            "ssh_keys": [
              "72:c1:3d:1f:25:7e:0b:d9:2f:42:68:f9:36:f1:a9:38"
            ],
            "status": "active",
            "tags": [],
            "urn": "do:droplet:293939300",
            "user_data": null,
            "vcpus": 1,
            "volume_ids": [],
            "vpc_uuid": "ccdbc4f1-8240-4614-9bca-1ca9666c6716"
          },
          "sensitive_attributes": [],
          "private": "eyJzY2hlbWFfdmVyc2lvbiI6IjEifQ=="
        }
      ]
    }
  ]
}
